
Microsoft Visual Studio Solution File, Format Version 12.00
# Visual Studio 15
VisualStudioVersion = 15.0.27703.2035
MinimumVisualStudioVersion = 10.0.40219.1
Project("{FAE04EC0-301F-11D3-BF4B-00C04F79EFBC}") = "OneSignal-XamarinAndroid", "OneSignal-XamarinAndroid\OneSignal-XamarinAndroid.csproj", "{24BFD3CE-0CBF-456D-9AF7-B6B2E45FE40E}"
EndProject
Global
	GlobalSection(SolutionConfigurationPlatforms) = preSolution
		Debug|Any CPU = Debug|Any CPU
		Release|Any CPU = Release|Any CPU
	EndGlobalSection
	GlobalSection(ProjectConfigurationPlatforms) = postSolution
		{24BFD3CE-0CBF-456D-9AF7-B6B2E45FE40E}.Debug|Any CPU.ActiveCfg = Debug|Any CPU
		{24BFD3CE-0CBF-456D-9AF7-B6B2E45FE40E}.Debug|Any CPU.Build.0 = Debug|Any CPU
		{24BFD3CE-0CBF-456D-9AF7-B6B2E45FE40E}.Debug|Any CPU.Deploy.0 = Debug|Any CPU
		{24BFD3CE-0CBF-456D-9AF7-B6B2E45FE40E}.Release|Any CPU.ActiveCfg = Release|Any CPU
		{24BFD3CE-0CBF-456D-9AF7-B6B2E45FE40E}.Release|Any CPU.Build.0 = Release|Any CPU
		{24BFD3CE-0CBF-456D-9AF7-B6B2E45FE40E}.Release|Any CPU.Deploy.0 = Release|Any CPU
	EndGlobalSection
	GlobalSection(SolutionProperties) = preSolution
		HideSolutionNode = FALSE
	EndGlobalSection
	GlobalSection(ExtensibilityGlobals) = postSolution
		SolutionGuid = {D90A4AD9-6D7A-42CD-AA1A-14B65D1F441D}
	EndGlobalSection
EndGlobal
